
Microsoft Visual Studio Solution File, Format Version 12.00
Project("{FAE04EC0-301F-11D3-BF4B-00C04F79EFBC}") = "Day8", "Day8\Day8.csproj", "{A4220B53-D455-4480-8946-C284F4DB32D9}"
EndProject
Project("{FAE04EC0-301F-11D3-BF4B-00C04F79EFBC}") = "Day1", "Day1\Day1.csproj", "{32D2E20F-A978-4655-AB8D-9644D8A3D9B1}"
EndProject
Global
	GlobalSection(SolutionConfigurationPlatforms) = preSolution
		Debug|Any CPU = Debug|Any CPU
		Release|Any CPU = Release|Any CPU
	EndGlobalSection
	GlobalSection(ProjectConfigurationPlatforms) = postSolution
		{A4220B53-D455-4480-8946-C284F4DB32D9}.Debug|Any CPU.ActiveCfg = Debug|Any CPU
		{A4220B53-D455-4480-8946-C284F4DB32D9}.Debug|Any CPU.Build.0 = Debug|Any CPU
		{A4220B53-D455-4480-8946-C284F4DB32D9}.Release|Any CPU.ActiveCfg = Release|Any CPU
		{A4220B53-D455-4480-8946-C284F4DB32D9}.Release|Any CPU.Build.0 = Release|Any CPU
		{32D2E20F-A978-4655-AB8D-9644D8A3D9B1}.Debug|Any CPU.ActiveCfg = Debug|Any CPU
		{32D2E20F-A978-4655-AB8D-9644D8A3D9B1}.Debug|Any CPU.Build.0 = Debug|Any CPU
		{32D2E20F-A978-4655-AB8D-9644D8A3D9B1}.Release|Any CPU.ActiveCfg = Release|Any CPU
		{32D2E20F-A978-4655-AB8D-9644D8A3D9B1}.Release|Any CPU.Build.0 = Release|Any CPU
	EndGlobalSection
EndGlobal
