
Microsoft Visual Studio Solution File, Format Version 12.00
# Visual Studio Version 17
VisualStudioVersion = 17.4.33110.190
MinimumVisualStudioVersion = 10.0.40219.1
Project("{9A19103F-16F7-4668-BE54-9A1E7A4F7556}") = "Day8", "Day8\Day8.csproj", "{A4220B53-D455-4480-8946-C284F4DB32D9}"
EndProject
Project("{9A19103F-16F7-4668-BE54-9A1E7A4F7556}") = "Day1", "Day1\Day1.csproj", "{32D2E20F-A978-4655-AB8D-9644D8A3D9B1}"
EndProject
Project("{9A19103F-16F7-4668-BE54-9A1E7A4F7556}") = "Day7", "Day7\Day7.csproj", "{F0F742BD-3DBE-4CE8-A9A4-71DE7A70E5FF}"
EndProject
Project("{9A19103F-16F7-4668-BE54-9A1E7A4F7556}") = "Day2", "Day2\Day2.csproj", "{2BEDAB48-D094-46C9-9E39-1BAD03857938}"
EndProject
Project("{9A19103F-16F7-4668-BE54-9A1E7A4F7556}") = "Day9", "Day9\Day9.csproj", "{188FD57C-F468-4590-A723-B21FBB52D16D}"
EndProject
Project("{9A19103F-16F7-4668-BE54-9A1E7A4F7556}") = "Day3", "Day3\Day3.csproj", "{35EFFE9E-F03D-4ADF-B958-758D95A8DC78}"
EndProject
Project("{9A19103F-16F7-4668-BE54-9A1E7A4F7556}") = "Day4", "Day4\Day4.csproj", "{53BBB280-5473-4E29-9D25-E598F80E98F8}"
EndProject
Project("{9A19103F-16F7-4668-BE54-9A1E7A4F7556}") = "Day5", "Day5\Day5.csproj", "{979AF165-AA65-4ADC-8A36-4E27FB9EE49B}"
EndProject
Project("{9A19103F-16F7-4668-BE54-9A1E7A4F7556}") = "Day6", "Day6\Day6.csproj", "{ECDD8A6E-E4E0-47D2-83E3-23DAB7A09AE8}"
EndProject
Project("{9A19103F-16F7-4668-BE54-9A1E7A4F7556}") = "Day10", "Day10\Day10.csproj", "{A7EB6E85-476D-4744-91EE-11AD60540BE5}"
EndProject
Project("{9A19103F-16F7-4668-BE54-9A1E7A4F7556}") = "Day11", "Day11\Day11.csproj", "{5CDB1F2C-B71E-4376-AAC8-7E8066EE99D9}"
EndProject
Project("{FAE04EC0-301F-11D3-BF4B-00C04F79EFBC}") = "Day12", "Day12\Day12.csproj", "{AF376FFD-6F0E-4A2F-AF3E-C6E8564ACB41}"
EndProject
Global
	GlobalSection(SolutionConfigurationPlatforms) = preSolution
		Debug|Any CPU = Debug|Any CPU
		Release|Any CPU = Release|Any CPU
	EndGlobalSection
	GlobalSection(ProjectConfigurationPlatforms) = postSolution
		{A4220B53-D455-4480-8946-C284F4DB32D9}.Debug|Any CPU.ActiveCfg = Debug|Any CPU
		{A4220B53-D455-4480-8946-C284F4DB32D9}.Debug|Any CPU.Build.0 = Debug|Any CPU
		{A4220B53-D455-4480-8946-C284F4DB32D9}.Release|Any CPU.ActiveCfg = Release|Any CPU
		{A4220B53-D455-4480-8946-C284F4DB32D9}.Release|Any CPU.Build.0 = Release|Any CPU
		{32D2E20F-A978-4655-AB8D-9644D8A3D9B1}.Debug|Any CPU.ActiveCfg = Debug|Any CPU
		{32D2E20F-A978-4655-AB8D-9644D8A3D9B1}.Debug|Any CPU.Build.0 = Debug|Any CPU
		{32D2E20F-A978-4655-AB8D-9644D8A3D9B1}.Release|Any CPU.ActiveCfg = Release|Any CPU
		{32D2E20F-A978-4655-AB8D-9644D8A3D9B1}.Release|Any CPU.Build.0 = Release|Any CPU
		{F0F742BD-3DBE-4CE8-A9A4-71DE7A70E5FF}.Debug|Any CPU.ActiveCfg = Debug|Any CPU
		{F0F742BD-3DBE-4CE8-A9A4-71DE7A70E5FF}.Debug|Any CPU.Build.0 = Debug|Any CPU
		{F0F742BD-3DBE-4CE8-A9A4-71DE7A70E5FF}.Release|Any CPU.ActiveCfg = Release|Any CPU
		{F0F742BD-3DBE-4CE8-A9A4-71DE7A70E5FF}.Release|Any CPU.Build.0 = Release|Any CPU
		{2BEDAB48-D094-46C9-9E39-1BAD03857938}.Debug|Any CPU.ActiveCfg = Debug|Any CPU
		{2BEDAB48-D094-46C9-9E39-1BAD03857938}.Debug|Any CPU.Build.0 = Debug|Any CPU
		{2BEDAB48-D094-46C9-9E39-1BAD03857938}.Release|Any CPU.ActiveCfg = Release|Any CPU
		{2BEDAB48-D094-46C9-9E39-1BAD03857938}.Release|Any CPU.Build.0 = Release|Any CPU
		{188FD57C-F468-4590-A723-B21FBB52D16D}.Debug|Any CPU.ActiveCfg = Debug|Any CPU
		{188FD57C-F468-4590-A723-B21FBB52D16D}.Debug|Any CPU.Build.0 = Debug|Any CPU
		{188FD57C-F468-4590-A723-B21FBB52D16D}.Release|Any CPU.ActiveCfg = Release|Any CPU
		{188FD57C-F468-4590-A723-B21FBB52D16D}.Release|Any CPU.Build.0 = Release|Any CPU
		{35EFFE9E-F03D-4ADF-B958-758D95A8DC78}.Debug|Any CPU.ActiveCfg = Debug|Any CPU
		{35EFFE9E-F03D-4ADF-B958-758D95A8DC78}.Debug|Any CPU.Build.0 = Debug|Any CPU
		{35EFFE9E-F03D-4ADF-B958-758D95A8DC78}.Release|Any CPU.ActiveCfg = Release|Any CPU
		{35EFFE9E-F03D-4ADF-B958-758D95A8DC78}.Release|Any CPU.Build.0 = Release|Any CPU
		{53BBB280-5473-4E29-9D25-E598F80E98F8}.Debug|Any CPU.ActiveCfg = Debug|Any CPU
		{53BBB280-5473-4E29-9D25-E598F80E98F8}.Debug|Any CPU.Build.0 = Debug|Any CPU
		{53BBB280-5473-4E29-9D25-E598F80E98F8}.Release|Any CPU.ActiveCfg = Release|Any CPU
		{53BBB280-5473-4E29-9D25-E598F80E98F8}.Release|Any CPU.Build.0 = Release|Any CPU
		{979AF165-AA65-4ADC-8A36-4E27FB9EE49B}.Debug|Any CPU.ActiveCfg = Debug|Any CPU
		{979AF165-AA65-4ADC-8A36-4E27FB9EE49B}.Debug|Any CPU.Build.0 = Debug|Any CPU
		{979AF165-AA65-4ADC-8A36-4E27FB9EE49B}.Release|Any CPU.ActiveCfg = Release|Any CPU
		{979AF165-AA65-4ADC-8A36-4E27FB9EE49B}.Release|Any CPU.Build.0 = Release|Any CPU
		{ECDD8A6E-E4E0-47D2-83E3-23DAB7A09AE8}.Debug|Any CPU.ActiveCfg = Debug|Any CPU
		{ECDD8A6E-E4E0-47D2-83E3-23DAB7A09AE8}.Debug|Any CPU.Build.0 = Debug|Any CPU
		{ECDD8A6E-E4E0-47D2-83E3-23DAB7A09AE8}.Release|Any CPU.ActiveCfg = Release|Any CPU
		{ECDD8A6E-E4E0-47D2-83E3-23DAB7A09AE8}.Release|Any CPU.Build.0 = Release|Any CPU
		{A7EB6E85-476D-4744-91EE-11AD60540BE5}.Debug|Any CPU.ActiveCfg = Debug|Any CPU
		{A7EB6E85-476D-4744-91EE-11AD60540BE5}.Debug|Any CPU.Build.0 = Debug|Any CPU
		{A7EB6E85-476D-4744-91EE-11AD60540BE5}.Release|Any CPU.ActiveCfg = Release|Any CPU
		{A7EB6E85-476D-4744-91EE-11AD60540BE5}.Release|Any CPU.Build.0 = Release|Any CPU
		{5CDB1F2C-B71E-4376-AAC8-7E8066EE99D9}.Debug|Any CPU.ActiveCfg = Debug|Any CPU
		{5CDB1F2C-B71E-4376-AAC8-7E8066EE99D9}.Debug|Any CPU.Build.0 = Debug|Any CPU
		{5CDB1F2C-B71E-4376-AAC8-7E8066EE99D9}.Release|Any CPU.ActiveCfg = Release|Any CPU
		{5CDB1F2C-B71E-4376-AAC8-7E8066EE99D9}.Release|Any CPU.Build.0 = Release|Any CPU
		{AF376FFD-6F0E-4A2F-AF3E-C6E8564ACB41}.Debug|Any CPU.ActiveCfg = Debug|Any CPU
		{AF376FFD-6F0E-4A2F-AF3E-C6E8564ACB41}.Debug|Any CPU.Build.0 = Debug|Any CPU
		{AF376FFD-6F0E-4A2F-AF3E-C6E8564ACB41}.Release|Any CPU.ActiveCfg = Release|Any CPU
		{AF376FFD-6F0E-4A2F-AF3E-C6E8564ACB41}.Release|Any CPU.Build.0 = Release|Any CPU
	EndGlobalSection
	GlobalSection(SolutionProperties) = preSolution
		HideSolutionNode = FALSE
	EndGlobalSection
	GlobalSection(ExtensibilityGlobals) = postSolution
		SolutionGuid = {7834271F-F5C7-4261-B77E-5D54764E939E}
	EndGlobalSection
EndGlobal
